// !$*UTF8*$!
{
	archiveVersion = 1;
	classes = {
	};
	objectVersion = 56;
	objects = {

/* Begin PBXBuildFile section */
		732A7E212959A4C800C9E738 /* CustomTableViewCell.swift in Sources */ = {isa = PBXBuildFile; fileRef = 732A7E202959A4C800C9E738 /* CustomTableViewCell.swift */; };
		732A7E23295A1F5E00C9E738 /* StorageManager.swift in Sources */ = {isa = PBXBuildFile; fileRef = 732A7E22295A1F5E00C9E738 /* StorageManager.swift */; };
		732A7E25295A1FA800C9E738 /* NoteModel.swift in Sources */ = {isa = PBXBuildFile; fileRef = 732A7E24295A1FA800C9E738 /* NoteModel.swift */; };
		732A7E27295A20E200C9E738 /* NoteDetailViewController.swift in Sources */ = {isa = PBXBuildFile; fileRef = 732A7E26295A20E200C9E738 /* NoteDetailViewController.swift */; };
		735BD2602954C7C400C2C62C /* AppDelegate.swift in Sources */ = {isa = PBXBuildFile; fileRef = 735BD25F2954C7C400C2C62C /* AppDelegate.swift */; };
		735BD2692954C7C600C2C62C /* Assets.xcassets in Resources */ = {isa = PBXBuildFile; fileRef = 735BD2682954C7C600C2C62C /* Assets.xcassets */; };
		735BD2742954E18700C2C62C /* MainViewController.swift in Sources */ = {isa = PBXBuildFile; fileRef = 735BD2732954E18700C2C62C /* MainViewController.swift */; };
/* End PBXBuildFile section */

/* Begin PBXFileReference section */
		732A7E202959A4C800C9E738 /* CustomTableViewCell.swift */ = {isa = PBXFileReference; lastKnownFileType = sourcecode.swift; path = CustomTableViewCell.swift; sourceTree = "<group>"; };
		732A7E22295A1F5E00C9E738 /* StorageManager.swift */ = {isa = PBXFileReference; lastKnownFileType = sourcecode.swift; path = StorageManager.swift; sourceTree = "<group>"; };
		732A7E24295A1FA800C9E738 /* NoteModel.swift */ = {isa = PBXFileReference; lastKnownFileType = sourcecode.swift; path = NoteModel.swift; sourceTree = "<group>"; };
		732A7E26295A20E200C9E738 /* NoteDetailViewController.swift */ = {isa = PBXFileReference; lastKnownFileType = sourcecode.swift; path = NoteDetailViewController.swift; sourceTree = "<group>"; };
		735BD25C2954C7C400C2C62C /* Notes_CFT_test.app */ = {isa = PBXFileReference; explicitFileType = wrapper.application; includeInIndex = 0; path = Notes_CFT_test.app; sourceTree = BUILT_PRODUCTS_DIR; };
		735BD25F2954C7C400C2C62C /* AppDelegate.swift */ = {isa = PBXFileReference; lastKnownFileType = sourcecode.swift; path = AppDelegate.swift; sourceTree = "<group>"; };
		735BD2682954C7C600C2C62C /* Assets.xcassets */ = {isa = PBXFileReference; lastKnownFileType = folder.assetcatalog; path = Assets.xcassets; sourceTree = "<group>"; };
		735BD26D2954C7C600C2C62C /* Info.plist */ = {isa = PBXFileReference; lastKnownFileType = text.plist.xml; path = Info.plist; sourceTree = "<group>"; };
		735BD2732954E18700C2C62C /* MainViewController.swift */ = {isa = PBXFileReference; lastKnownFileType = sourcecode.swift; path = MainViewController.swift; sourceTree = "<group>"; };
/* End PBXFileReference section */

/* Begin PBXFrameworksBuildPhase section */
		735BD2592954C7C400C2C62C /* Frameworks */ = {
			isa = PBXFrameworksBuildPhase;
			buildActionMask = 2147483647;
			files = (
			);
			runOnlyForDeploymentPostprocessing = 0;
		};
/* End PBXFrameworksBuildPhase section */

/* Begin PBXGroup section */
		732A7E28295AF7DF00C9E738 /* Services */ = {
			isa = PBXGroup;
			children = (
				732A7E22295A1F5E00C9E738 /* StorageManager.swift */,
			);
			path = Services;
			sourceTree = "<group>";
		};
		732A7E29295AF7EB00C9E738 /* Models */ = {
			isa = PBXGroup;
			children = (
				732A7E24295A1FA800C9E738 /* NoteModel.swift */,
			);
			path = Models;
			sourceTree = "<group>";
		};
		732A7E2A295AF8A900C9E738 /* Controllers */ = {
			isa = PBXGroup;
			children = (
				735BD2732954E18700C2C62C /* MainViewController.swift */,
				732A7E26295A20E200C9E738 /* NoteDetailViewController.swift */,
			);
			path = Controllers;
			sourceTree = "<group>";
		};
		732A7E2B295AFAA200C9E738 /* Views */ = {
			isa = PBXGroup;
			children = (
				732A7E202959A4C800C9E738 /* CustomTableViewCell.swift */,
			);
			path = Views;
			sourceTree = "<group>";
		};
		732A7E2C295AFBDC00C9E738 /* Application */ = {
			isa = PBXGroup;
			children = (
				735BD25F2954C7C400C2C62C /* AppDelegate.swift */,
			);
			path = Application;
			sourceTree = "<group>";
		};
		732A7E2D295AFBEC00C9E738 /* Resources */ = {
			isa = PBXGroup;
			children = (
				735BD2682954C7C600C2C62C /* Assets.xcassets */,
				735BD26D2954C7C600C2C62C /* Info.plist */,
			);
			path = Resources;
			sourceTree = "<group>";
		};
		735BD2532954C7C400C2C62C = {
			isa = PBXGroup;
			children = (
				735BD25E2954C7C400C2C62C /* Notes_CFT_test */,
				735BD25D2954C7C400C2C62C /* Products */,
			);
			sourceTree = "<group>";
		};
		735BD25D2954C7C400C2C62C /* Products */ = {
			isa = PBXGroup;
			children = (
				735BD25C2954C7C400C2C62C /* Notes_CFT_test.app */,
			);
			name = Products;
			sourceTree = "<group>";
		};
		735BD25E2954C7C400C2C62C /* Notes_CFT_test */ = {
			isa = PBXGroup;
			children = (
				732A7E2C295AFBDC00C9E738 /* Application */,
				732A7E2D295AFBEC00C9E738 /* Resources */,
				732A7E29295AF7EB00C9E738 /* Models */,
				732A7E2B295AFAA200C9E738 /* Views */,
				732A7E2A295AF8A900C9E738 /* Controllers */,
				732A7E28295AF7DF00C9E738 /* Services */,
			);
			path = Notes_CFT_test;
			sourceTree = "<group>";
		};
/* End PBXGroup section */

/* Begin PBXNativeTarget section */
		735BD25B2954C7C400C2C62C /* Notes_CFT_test */ = {
			isa = PBXNativeTarget;
			buildConfigurationList = 735BD2702954C7C600C2C62C /* Build configuration list for PBXNativeTarget "Notes_CFT_test" */;
			buildPhases = (
				735BD2582954C7C400C2C62C /* Sources */,
				735BD2592954C7C400C2C62C /* Frameworks */,
				735BD25A2954C7C400C2C62C /* Resources */,
			);
			buildRules = (
			);
			dependencies = (
			);
			name = Notes_CFT_test;
			productName = Notes_CFT_test;
			productReference = 735BD25C2954C7C400C2C62C /* Notes_CFT_test.app */;
			productType = "com.apple.product-type.application";
		};
/* End PBXNativeTarget section */

/* Begin PBXProject section */
		735BD2542954C7C400C2C62C /* Project object */ = {
			isa = PBXProject;
			attributes = {
				BuildIndependentTargetsInParallel = 1;
				LastSwiftUpdateCheck = 1400;
				LastUpgradeCheck = 1400;
				TargetAttributes = {
					735BD25B2954C7C400C2C62C = {
						CreatedOnToolsVersion = 14.0.1;
					};
				};
			};
			buildConfigurationList = 735BD2572954C7C400C2C62C /* Build configuration list for PBXProject "Notes_CFT_test" */;
			compatibilityVersion = "Xcode 14.0";
			developmentRegion = en;
			hasScannedForEncodings = 0;
			knownRegions = (
				en,
				Base,
			);
			mainGroup = 735BD2532954C7C400C2C62C;
			productRefGroup = 735BD25D2954C7C400C2C62C /* Products */;
			projectDirPath = "";
			projectRoot = "";
			targets = (
				735BD25B2954C7C400C2C62C /* Notes_CFT_test */,
			);
		};
/* End PBXProject section */

/* Begin PBXResourcesBuildPhase section */
		735BD25A2954C7C400C2C62C /* Resources */ = {
			isa = PBXResourcesBuildPhase;
			buildActionMask = 2147483647;
			files = (
				735BD2692954C7C600C2C62C /* Assets.xcassets in Resources */,
			);
			runOnlyForDeploymentPostprocessing = 0;
		};
/* End PBXResourcesBuildPhase section */

/* Begin PBXSourcesBuildPhase section */
		735BD2582954C7C400C2C62C /* Sources */ = {
			isa = PBXSourcesBuildPhase;
			buildActionMask = 2147483647;
			files = (
				732A7E25295A1FA800C9E738 /* NoteModel.swift in Sources */,
				735BD2602954C7C400C2C62C /* AppDelegate.swift in Sources */,
				732A7E212959A4C800C9E738 /* CustomTableViewCell.swift in Sources */,
				735BD2742954E18700C2C62C /* MainViewController.swift in Sources */,
				732A7E23295A1F5E00C9E738 /* StorageManager.swift in Sources */,
				732A7E27295A20E200C9E738 /* NoteDetailViewController.swift in Sources */,
			);
			runOnlyForDeploymentPostprocessing = 0;
		};
/* End PBXSourcesBuildPhase section */

/* Begin XCBuildConfiguration section */
		735BD26E2954C7C600C2C62C /* Debug */ = {
			isa = XCBuildConfiguration;
			buildSettings = {
				ALWAYS_SEARCH_USER_PATHS = NO;
				CLANG_ANALYZER_NONNULL = YES;
				CLANG_ANALYZER_NUMBER_OBJECT_CONVERSION = YES_AGGRESSIVE;
				CLANG_CXX_LANGUAGE_STANDARD = "gnu++20";
				CLANG_ENABLE_MODULES = YES;
				CLANG_ENABLE_OBJC_ARC = YES;
				CLANG_ENABLE_OBJC_WEAK = YES;
				CLANG_WARN_BLOCK_CAPTURE_AUTORELEASING = YES;
				CLANG_WARN_BOOL_CONVERSION = YES;
				CLANG_WARN_COMMA = YES;
				CLANG_WARN_CONSTANT_CONVERSION = YES;
				CLANG_WARN_DEPRECATED_OBJC_IMPLEMENTATIONS = YES;
				CLANG_WARN_DIRECT_OBJC_ISA_USAGE = YES_ERROR;
				CLANG_WARN_DOCUMENTATION_COMMENTS = YES;
				CLANG_WARN_EMPTY_BODY = YES;
				CLANG_WARN_ENUM_CONVERSION = YES;
				CLANG_WARN_INFINITE_RECURSION = YES;
				CLANG_WARN_INT_CONVERSION = YES;
				CLANG_WARN_NON_LITERAL_NULL_CONVERSION = YES;
				CLANG_WARN_OBJC_IMPLICIT_RETAIN_SELF = YES;
				CLANG_WARN_OBJC_LITERAL_CONVERSION = YES;
				CLANG_WARN_OBJC_ROOT_CLASS = YES_ERROR;
				CLANG_WARN_QUOTED_INCLUDE_IN_FRAMEWORK_HEADER = YES;
				CLANG_WARN_RANGE_LOOP_ANALYSIS = YES;
				CLANG_WARN_STRICT_PROTOTYPES = YES;
				CLANG_WARN_SUSPICIOUS_MOVE = YES;
				CLANG_WARN_UNGUARDED_AVAILABILITY = YES_AGGRESSIVE;
				CLANG_WARN_UNREACHABLE_CODE = YES;
				CLANG_WARN__DUPLICATE_METHOD_MATCH = YES;
				COPY_PHASE_STRIP = NO;
				DEBUG_INFORMATION_FORMAT = dwarf;
				ENABLE_STRICT_OBJC_MSGSEND = YES;
				ENABLE_TESTABILITY = YES;
				GCC_C_LANGUAGE_STANDARD = gnu11;
				GCC_DYNAMIC_NO_PIC = NO;
				GCC_NO_COMMON_BLOCKS = YES;
				GCC_OPTIMIZATION_LEVEL = 0;
				GCC_PREPROCESSOR_DEFINITIONS = (
					"DEBUG=1",
					"$(inherited)",
				);
				GCC_WARN_64_TO_32_BIT_CONVERSION = YES;
				GCC_WARN_ABOUT_RETURN_TYPE = YES_ERROR;
				GCC_WARN_UNDECLARED_SELECTOR = YES;
				GCC_WARN_UNINITIALIZED_AUTOS = YES_AGGRESSIVE;
				GCC_WARN_UNUSED_FUNCTION = YES;
				GCC_WARN_UNUSED_VARIABLE = YES;
				IPHONEOS_DEPLOYMENT_TARGET = 16.0;
				MTL_ENABLE_DEBUG_INFO = INCLUDE_SOURCE;
				MTL_FAST_MATH = YES;
				ONLY_ACTIVE_ARCH = YES;
				SDKROOT = iphoneos;
				SWIFT_ACTIVE_COMPILATION_CONDITIONS = DEBUG;
				SWIFT_OPTIMIZATION_LEVEL = "-Onone";
			};
			name = Debug;
		};
		735BD26F2954C7C600C2C62C /* Release */ = {
			isa = XCBuildConfiguration;
			buildSettings = {
				ALWAYS_SEARCH_USER_PATHS = NO;
				CLANG_ANALYZER_NONNULL = YES;
				CLANG_ANALYZER_NUMBER_OBJECT_CONVERSION = YES_AGGRESSIVE;
				CLANG_CXX_LANGUAGE_STANDARD = "gnu++20";
				CLANG_ENABLE_MODULES = YES;
				CLANG_ENABLE_OBJC_ARC = YES;
				CLANG_ENABLE_OBJC_WEAK = YES;
				CLANG_WARN_BLOCK_CAPTURE_AUTORELEASING = YES;
				CLANG_WARN_BOOL_CONVERSION = YES;
				CLANG_WARN_COMMA = YES;
				CLANG_WARN_CONSTANT_CONVERSION = YES;
				CLANG_WARN_DEPRECATED_OBJC_IMPLEMENTATIONS = YES;
				CLANG_WARN_DIRECT_OBJC_ISA_USAGE = YES_ERROR;
				CLANG_WARN_DOCUMENTATION_COMMENTS = YES;
				CLANG_WARN_EMPTY_BODY = YES;
				CLANG_WARN_ENUM_CONVERSION = YES;
				CLANG_WARN_INFINITE_RECURSION = YES;
				CLANG_WARN_INT_CONVERSION = YES;
				CLANG_WARN_NON_LITERAL_NULL_CONVERSION = YES;
				CLANG_WARN_OBJC_IMPLICIT_RETAIN_SELF = YES;
				CLANG_WARN_OBJC_LITERAL_CONVERSION = YES;
				CLANG_WARN_OBJC_ROOT_CLASS = YES_ERROR;
				CLANG_WARN_QUOTED_INCLUDE_IN_FRAMEWORK_HEADER = YES;
				CLANG_WARN_RANGE_LOOP_ANALYSIS = YES;
				CLANG_WARN_STRICT_PROTOTYPES = YES;
				CLANG_WARN_SUSPICIOUS_MOVE = YES;
				CLANG_WARN_UNGUARDED_AVAILABILITY = YES_AGGRESSIVE;
				CLANG_WARN_UNREACHABLE_CODE = YES;
				CLANG_WARN__DUPLICATE_METHOD_MATCH = YES;
				COPY_PHASE_STRIP = NO;
				DEBUG_INFORMATION_FORMAT = "dwarf-with-dsym";
				ENABLE_NS_ASSERTIONS = NO;
				ENABLE_STRICT_OBJC_MSGSEND = YES;
				GCC_C_LANGUAGE_STANDARD = gnu11;
				GCC_NO_COMMON_BLOCKS = YES;
				GCC_WARN_64_TO_32_BIT_CONVERSION = YES;
				GCC_WARN_ABOUT_RETURN_TYPE = YES_ERROR;
				GCC_WARN_UNDECLARED_SELECTOR = YES;
				GCC_WARN_UNINITIALIZED_AUTOS = YES_AGGRESSIVE;
				GCC_WARN_UNUSED_FUNCTION = YES;
				GCC_WARN_UNUSED_VARIABLE = YES;
				IPHONEOS_DEPLOYMENT_TARGET = 16.0;
				MTL_ENABLE_DEBUG_INFO = NO;
				MTL_FAST_MATH = YES;
				SDKROOT = iphoneos;
				SWIFT_COMPILATION_MODE = wholemodule;
				SWIFT_OPTIMIZATION_LEVEL = "-O";
				VALIDATE_PRODUCT = YES;
			};
			name = Release;
		};
		735BD2712954C7C600C2C62C /* Debug */ = {
			isa = XCBuildConfiguration;
			buildSettings = {
				ASSETCATALOG_COMPILER_APPICON_NAME = AppIcon;
				ASSETCATALOG_COMPILER_GLOBAL_ACCENT_COLOR_NAME = AccentColor;
				CODE_SIGN_STYLE = Automatic;
				CURRENT_PROJECT_VERSION = 1;
				DEVELOPMENT_TEAM = KQ547878C8;
				GENERATE_INFOPLIST_FILE = YES;
				INFOPLIST_FILE = Notes_CFT_test/Resources/Info.plist;
				INFOPLIST_KEY_UIApplicationSupportsIndirectInputEvents = YES;
				INFOPLIST_KEY_UILaunchStoryboardName = LaunchScreen;
				INFOPLIST_KEY_UISupportedInterfaceOrientations_iPad = "UIInterfaceOrientationPortrait UIInterfaceOrientationPortraitUpsideDown UIInterfaceOrientationLandscapeLeft UIInterfaceOrientationLandscapeRight";
				INFOPLIST_KEY_UISupportedInterfaceOrientations_iPhone = "UIInterfaceOrientationPortrait UIInterfaceOrientationLandscapeLeft UIInterfaceOrientationLandscapeRight";
				LD_RUNPATH_SEARCH_PATHS = (
					"$(inherited)",
					"@executable_path/Frameworks",
				);
				MARKETING_VERSION = 1.0;
				PRODUCT_BUNDLE_IDENTIFIER = "BulatSerimbetov.Notes-CFT-test";
				PRODUCT_NAME = "$(TARGET_NAME)";
				SWIFT_EMIT_LOC_STRINGS = YES;
				SWIFT_VERSION = 5.0;
				TARGETED_DEVICE_FAMILY = "1,2";
			};
			name = Debug;
		};
		735BD2722954C7C600C2C62C /* Release */ = {
			isa = XCBuildConfiguration;
			buildSettings = {
				ASSETCATALOG_COMPILER_APPICON_NAME = AppIcon;
				ASSETCATALOG_COMPILER_GLOBAL_ACCENT_COLOR_NAME = AccentColor;
				CODE_SIGN_STYLE = Automatic;
				CURRENT_PROJECT_VERSION = 1;
				DEVELOPMENT_TEAM = KQ547878C8;
				GENERATE_INFOPLIST_FILE = YES;
				INFOPLIST_FILE = Notes_CFT_test/Resources/Info.plist;
				INFOPLIST_KEY_UIApplicationSupportsIndirectInputEvents = YES;
				INFOPLIST_KEY_UILaunchStoryboardName = LaunchScreen;
				INFOPLIST_KEY_UISupportedInterfaceOrientations_iPad = "UIInterfaceOrientationPortrait UIInterfaceOrientationPortraitUpsideDown UIInterfaceOrientationLandscapeLeft UIInterfaceOrientationLandscapeRight";
				INFOPLIST_KEY_UISupportedInterfaceOrientations_iPhone = "UIInterfaceOrientationPortrait UIInterfaceOrientationLandscapeLeft UIInterfaceOrientationLandscapeRight";
				LD_RUNPATH_SEARCH_PATHS = (
					"$(inherited)",
					"@executable_path/Frameworks",
				);
				MARKETING_VERSION = 1.0;
				PRODUCT_BUNDLE_IDENTIFIER = "BulatSerimbetov.Notes-CFT-test";
				PRODUCT_NAME = "$(TARGET_NAME)";
				SWIFT_EMIT_LOC_STRINGS = YES;
				SWIFT_VERSION = 5.0;
				TARGETED_DEVICE_FAMILY = "1,2";
			};
			name = Release;
		};
/* End XCBuildConfiguration section */

/* Begin XCConfigurationList section */
		735BD2572954C7C400C2C62C /* Build configuration list for PBXProject "Notes_CFT_test" */ = {
			isa = XCConfigurationList;
			buildConfigurations = (
				735BD26E2954C7C600C2C62C /* Debug */,
				735BD26F2954C7C600C2C62C /* Release */,
			);
			defaultConfigurationIsVisible = 0;
			defaultConfigurationName = Release;
		};
		735BD2702954C7C600C2C62C /* Build configuration list for PBXNativeTarget "Notes_CFT_test" */ = {
			isa = XCConfigurationList;
			buildConfigurations = (
				735BD2712954C7C600C2C62C /* Debug */,
				735BD2722954C7C600C2C62C /* Release */,
			);
			defaultConfigurationIsVisible = 0;
			defaultConfigurationName = Release;
		};
/* End XCConfigurationList section */
	};
	rootObject = 735BD2542954C7C400C2C62C /* Project object */;
}
